{
  "name": "pentex",
  "lockfileVersion": 3,
  "requires": true,
  "packages": {
    "": {
      "dependencies": {
        "pentex-example-article": "^1.0.0"
      }
    },
    "node_modules/pentex-example-article": {
      "version": "1.0.7",
      "resolved": "https://registry.npmjs.org/pentex-example-article/-/pentex-example-article-1.0.7.tgz",
      "integrity": "sha512-VzxdwjHPeaViRYBxevtXyyQ6Iy4F75/ux/3dlRWt/4f9y+MmzNZsPIb5Hp4MLSaWY8hYp6HsKkB2G1oysSvB8g==",
      "dependencies": {
        "pentex-example-article": "^1.0.2"
      }
    }
  }
}
