{
  "name": "pentex",
  "lockfileVersion": 3,
  "requires": true,
  "packages": {
    "": {
      "dependencies": {
        "pentex-example-article": "^1.0.0"
      }
    },
    "node_modules/pentex-example-article": {
      "version": "1.0.0",
      "resolved": "https://registry.npmjs.org/pentex-example-article/-/pentex-example-article-1.0.0.tgz",
      "integrity": "sha512-ImyW5Swmg2gSUbINjxn97tiNfwT6AB448vcdF7tIG9g7y7MWd21Grzj1xMISEHUM0BDTeL6scl++v0NBCeN9zQ=="
    }
  }
}
